// !$*UTF8*$!
{
	archiveVersion = 1;
	classes = {
	};
	objectVersion = 55;
	objects = {

/* Begin PBXBuildFile section */
		407C350828D0536E00442671 /* Debouncer.swift in Sources */ = {isa = PBXBuildFile; fileRef = 407C350728D0536E00442671 /* Debouncer.swift */; };
		407C350C28D0541400442671 /* UserListCell.swift in Sources */ = {isa = PBXBuildFile; fileRef = 407C350A28D0541400442671 /* UserListCell.swift */; };
		407C350F28D0550100442671 /* Extension.swift in Sources */ = {isa = PBXBuildFile; fileRef = 407C350E28D0550100442671 /* Extension.swift */; };
		407C351128D0558D00442671 /* UserListCell.xib in Resources */ = {isa = PBXBuildFile; fileRef = 407C351028D0558D00442671 /* UserListCell.xib */; };
		407C351428D061A300442671 /* UserDetailModel.swift in Sources */ = {isa = PBXBuildFile; fileRef = 407C351328D061A300442671 /* UserDetailModel.swift */; };
		407C351628D061B400442671 /* UserDetailViewModel.swift in Sources */ = {isa = PBXBuildFile; fileRef = 407C351528D061B400442671 /* UserDetailViewModel.swift */; };
		407C351828D061C300442671 /* UserDetailViewController.swift in Sources */ = {isa = PBXBuildFile; fileRef = 407C351728D061C300442671 /* UserDetailViewController.swift */; };
		407C351B28D06F0800442671 /* FollowerViewModel.swift in Sources */ = {isa = PBXBuildFile; fileRef = 407C351A28D06F0800442671 /* FollowerViewModel.swift */; };
		407C351D28D06F1A00442671 /* FollowerViewController.swift in Sources */ = {isa = PBXBuildFile; fileRef = 407C351C28D06F1A00442671 /* FollowerViewController.swift */; };
		40A12BD428CFA67200A0F8BD /* AppDelegate.swift in Sources */ = {isa = PBXBuildFile; fileRef = 40A12BD328CFA67200A0F8BD /* AppDelegate.swift */; };
		40A12BD628CFA67200A0F8BD /* SceneDelegate.swift in Sources */ = {isa = PBXBuildFile; fileRef = 40A12BD528CFA67200A0F8BD /* SceneDelegate.swift */; };
		40A12BDB28CFA67300A0F8BD /* Main.storyboard in Resources */ = {isa = PBXBuildFile; fileRef = 40A12BD928CFA67300A0F8BD /* Main.storyboard */; };
		40A12BDD28CFA67500A0F8BD /* Assets.xcassets in Resources */ = {isa = PBXBuildFile; fileRef = 40A12BDC28CFA67500A0F8BD /* Assets.xcassets */; };
		40A12BE028CFA67500A0F8BD /* LaunchScreen.storyboard in Resources */ = {isa = PBXBuildFile; fileRef = 40A12BDE28CFA67500A0F8BD /* LaunchScreen.storyboard */; };
		40A12BF428CFAAAB00A0F8BD /* Logger.swift in Sources */ = {isa = PBXBuildFile; fileRef = 40A12BEC28CFAAAB00A0F8BD /* Logger.swift */; };
		40A12BF528CFAAAB00A0F8BD /* ParameterEncoding.swift in Sources */ = {isa = PBXBuildFile; fileRef = 40A12BED28CFAAAB00A0F8BD /* ParameterEncoding.swift */; };
		40A12BF628CFAAAB00A0F8BD /* Interceptor.swift in Sources */ = {isa = PBXBuildFile; fileRef = 40A12BEE28CFAAAB00A0F8BD /* Interceptor.swift */; };
		40A12BF728CFAAAB00A0F8BD /* RequestItems.swift in Sources */ = {isa = PBXBuildFile; fileRef = 40A12BEF28CFAAAB00A0F8BD /* RequestItems.swift */; };
		40A12BF828CFAAAB00A0F8BD /* EndPointType.swift in Sources */ = {isa = PBXBuildFile; fileRef = 40A12BF128CFAAAB00A0F8BD /* EndPointType.swift */; };
		40A12BF928CFAAAB00A0F8BD /* ApiManager.swift in Sources */ = {isa = PBXBuildFile; fileRef = 40A12BF328CFAAAB00A0F8BD /* ApiManager.swift */; };
		40A12BFC28CFAB3400A0F8BD /* AlertMessage.swift in Sources */ = {isa = PBXBuildFile; fileRef = 40A12BFA28CFAB3400A0F8BD /* AlertMessage.swift */; };
		40A12BFD28CFAB3400A0F8BD /* NetworkError.swift in Sources */ = {isa = PBXBuildFile; fileRef = 40A12BFB28CFAB3400A0F8BD /* NetworkError.swift */; };
		40A12BFF28CFAB5C00A0F8BD /* Constants.swift in Sources */ = {isa = PBXBuildFile; fileRef = 40A12BFE28CFAB5C00A0F8BD /* Constants.swift */; };
		40A12C0328CFB12B00A0F8BD /* UserModel.swift in Sources */ = {isa = PBXBuildFile; fileRef = 40A12C0228CFB12B00A0F8BD /* UserModel.swift */; };
		40A12C0528CFB14A00A0F8BD /* SearchUserViewController.swift in Sources */ = {isa = PBXBuildFile; fileRef = 40A12C0428CFB14A00A0F8BD /* SearchUserViewController.swift */; };
		40A12C0728CFB15400A0F8BD /* SearchUserViewModel.swift in Sources */ = {isa = PBXBuildFile; fileRef = 40A12C0628CFB15400A0F8BD /* SearchUserViewModel.swift */; };
		40A12C0928CFBC4A00A0F8BD /* Notifier.swift in Sources */ = {isa = PBXBuildFile; fileRef = 40A12C0828CFBC4A00A0F8BD /* Notifier.swift */; };
		CBB3F47EECF3032E978BC292 /* Pods_GitUsers.framework in Frameworks */ = {isa = PBXBuildFile; fileRef = D8255CF2C58E41B9B3373591 /* Pods_GitUsers.framework */; };
/* End PBXBuildFile section */

/* Begin PBXFileReference section */
		407C350728D0536E00442671 /* Debouncer.swift */ = {isa = PBXFileReference; fileEncoding = 4; lastKnownFileType = sourcecode.swift; path = Debouncer.swift; sourceTree = "<group>"; };
		407C350A28D0541400442671 /* UserListCell.swift */ = {isa = PBXFileReference; fileEncoding = 4; lastKnownFileType = sourcecode.swift; path = UserListCell.swift; sourceTree = "<group>"; };
		407C350E28D0550100442671 /* Extension.swift */ = {isa = PBXFileReference; lastKnownFileType = sourcecode.swift; path = Extension.swift; sourceTree = "<group>"; };
		407C351028D0558D00442671 /* UserListCell.xib */ = {isa = PBXFileReference; lastKnownFileType = file.xib; path = UserListCell.xib; sourceTree = "<group>"; };
		407C351328D061A300442671 /* UserDetailModel.swift */ = {isa = PBXFileReference; lastKnownFileType = sourcecode.swift; path = UserDetailModel.swift; sourceTree = "<group>"; };
		407C351528D061B400442671 /* UserDetailViewModel.swift */ = {isa = PBXFileReference; lastKnownFileType = sourcecode.swift; path = UserDetailViewModel.swift; sourceTree = "<group>"; };
		407C351728D061C300442671 /* UserDetailViewController.swift */ = {isa = PBXFileReference; lastKnownFileType = sourcecode.swift; path = UserDetailViewController.swift; sourceTree = "<group>"; };
		407C351A28D06F0800442671 /* FollowerViewModel.swift */ = {isa = PBXFileReference; lastKnownFileType = sourcecode.swift; path = FollowerViewModel.swift; sourceTree = "<group>"; };
		407C351C28D06F1A00442671 /* FollowerViewController.swift */ = {isa = PBXFileReference; lastKnownFileType = sourcecode.swift; path = FollowerViewController.swift; sourceTree = "<group>"; };
		40A12BD028CFA67200A0F8BD /* GitUsers.app */ = {isa = PBXFileReference; explicitFileType = wrapper.application; includeInIndex = 0; path = GitUsers.app; sourceTree = BUILT_PRODUCTS_DIR; };
		40A12BD328CFA67200A0F8BD /* AppDelegate.swift */ = {isa = PBXFileReference; lastKnownFileType = sourcecode.swift; path = AppDelegate.swift; sourceTree = "<group>"; };
		40A12BD528CFA67200A0F8BD /* SceneDelegate.swift */ = {isa = PBXFileReference; lastKnownFileType = sourcecode.swift; path = SceneDelegate.swift; sourceTree = "<group>"; };
		40A12BDA28CFA67300A0F8BD /* Base */ = {isa = PBXFileReference; lastKnownFileType = file.storyboard; name = Base; path = Base.lproj/Main.storyboard; sourceTree = "<group>"; };
		40A12BDC28CFA67500A0F8BD /* Assets.xcassets */ = {isa = PBXFileReference; lastKnownFileType = folder.assetcatalog; path = Assets.xcassets; sourceTree = "<group>"; };
		40A12BDF28CFA67500A0F8BD /* Base */ = {isa = PBXFileReference; lastKnownFileType = file.storyboard; name = Base; path = Base.lproj/LaunchScreen.storyboard; sourceTree = "<group>"; };
		40A12BE128CFA67500A0F8BD /* Info.plist */ = {isa = PBXFileReference; lastKnownFileType = text.plist.xml; path = Info.plist; sourceTree = "<group>"; };
		40A12BEC28CFAAAB00A0F8BD /* Logger.swift */ = {isa = PBXFileReference; fileEncoding = 4; lastKnownFileType = sourcecode.swift; path = Logger.swift; sourceTree = "<group>"; };
		40A12BED28CFAAAB00A0F8BD /* ParameterEncoding.swift */ = {isa = PBXFileReference; fileEncoding = 4; lastKnownFileType = sourcecode.swift; path = ParameterEncoding.swift; sourceTree = "<group>"; };
		40A12BEE28CFAAAB00A0F8BD /* Interceptor.swift */ = {isa = PBXFileReference; fileEncoding = 4; lastKnownFileType = sourcecode.swift; path = Interceptor.swift; sourceTree = "<group>"; };
		40A12BEF28CFAAAB00A0F8BD /* RequestItems.swift */ = {isa = PBXFileReference; fileEncoding = 4; lastKnownFileType = sourcecode.swift; path = RequestItems.swift; sourceTree = "<group>"; };
		40A12BF128CFAAAB00A0F8BD /* EndPointType.swift */ = {isa = PBXFileReference; fileEncoding = 4; lastKnownFileType = sourcecode.swift; path = EndPointType.swift; sourceTree = "<group>"; };
		40A12BF328CFAAAB00A0F8BD /* ApiManager.swift */ = {isa = PBXFileReference; fileEncoding = 4; lastKnownFileType = sourcecode.swift; path = ApiManager.swift; sourceTree = "<group>"; };
		40A12BFA28CFAB3400A0F8BD /* AlertMessage.swift */ = {isa = PBXFileReference; fileEncoding = 4; lastKnownFileType = sourcecode.swift; path = AlertMessage.swift; sourceTree = "<group>"; };
		40A12BFB28CFAB3400A0F8BD /* NetworkError.swift */ = {isa = PBXFileReference; fileEncoding = 4; lastKnownFileType = sourcecode.swift; path = NetworkError.swift; sourceTree = "<group>"; };
		40A12BFE28CFAB5C00A0F8BD /* Constants.swift */ = {isa = PBXFileReference; fileEncoding = 4; lastKnownFileType = sourcecode.swift; path = Constants.swift; sourceTree = "<group>"; };
		40A12C0228CFB12B00A0F8BD /* UserModel.swift */ = {isa = PBXFileReference; lastKnownFileType = sourcecode.swift; path = UserModel.swift; sourceTree = "<group>"; };
		40A12C0428CFB14A00A0F8BD /* SearchUserViewController.swift */ = {isa = PBXFileReference; lastKnownFileType = sourcecode.swift; path = SearchUserViewController.swift; sourceTree = "<group>"; };
		40A12C0628CFB15400A0F8BD /* SearchUserViewModel.swift */ = {isa = PBXFileReference; lastKnownFileType = sourcecode.swift; path = SearchUserViewModel.swift; sourceTree = "<group>"; };
		40A12C0828CFBC4A00A0F8BD /* Notifier.swift */ = {isa = PBXFileReference; lastKnownFileType = sourcecode.swift; path = Notifier.swift; sourceTree = "<group>"; };
		5305F0546A5532E20F07BAF0 /* Pods-GitUsers.debug.xcconfig */ = {isa = PBXFileReference; includeInIndex = 1; lastKnownFileType = text.xcconfig; name = "Pods-GitUsers.debug.xcconfig"; path = "Target Support Files/Pods-GitUsers/Pods-GitUsers.debug.xcconfig"; sourceTree = "<group>"; };
		7C0D470569236024484B2392 /* Pods-GitUsers.release.xcconfig */ = {isa = PBXFileReference; includeInIndex = 1; lastKnownFileType = text.xcconfig; name = "Pods-GitUsers.release.xcconfig"; path = "Target Support Files/Pods-GitUsers/Pods-GitUsers.release.xcconfig"; sourceTree = "<group>"; };
		D8255CF2C58E41B9B3373591 /* Pods_GitUsers.framework */ = {isa = PBXFileReference; explicitFileType = wrapper.framework; includeInIndex = 0; path = Pods_GitUsers.framework; sourceTree = BUILT_PRODUCTS_DIR; };
/* End PBXFileReference section */

/* Begin PBXFrameworksBuildPhase section */
		40A12BCD28CFA67200A0F8BD /* Frameworks */ = {
			isa = PBXFrameworksBuildPhase;
			buildActionMask = 2147483647;
			files = (
				CBB3F47EECF3032E978BC292 /* Pods_GitUsers.framework in Frameworks */,
			);
			runOnlyForDeploymentPostprocessing = 0;
		};
/* End PBXFrameworksBuildPhase section */

/* Begin PBXGroup section */
		407C350928D053F800442671 /* TableViewCell */ = {
			isa = PBXGroup;
			children = (
				407C350A28D0541400442671 /* UserListCell.swift */,
				407C351028D0558D00442671 /* UserListCell.xib */,
			);
			path = TableViewCell;
			sourceTree = "<group>";
		};
		407C351228D0618900442671 /* UserDetail */ = {
			isa = PBXGroup;
			children = (
				407C351328D061A300442671 /* UserDetailModel.swift */,
				407C351528D061B400442671 /* UserDetailViewModel.swift */,
				407C351728D061C300442671 /* UserDetailViewController.swift */,
			);
			path = UserDetail;
			sourceTree = "<group>";
		};
		407C351928D06EF100442671 /* Followers */ = {
			isa = PBXGroup;
			children = (
				407C351A28D06F0800442671 /* FollowerViewModel.swift */,
				407C351C28D06F1A00442671 /* FollowerViewController.swift */,
			);
			path = Followers;
			sourceTree = "<group>";
		};
		40A12BC728CFA67200A0F8BD = {
			isa = PBXGroup;
			children = (
				40A12BD228CFA67200A0F8BD /* GitUsers */,
				40A12BD128CFA67200A0F8BD /* Products */,
				9B7E5C17C835325BD5900546 /* Pods */,
				76D58B0D5FF474286EB16779 /* Frameworks */,
			);
			sourceTree = "<group>";
		};
		40A12BD128CFA67200A0F8BD /* Products */ = {
			isa = PBXGroup;
			children = (
				40A12BD028CFA67200A0F8BD /* GitUsers.app */,
			);
			name = Products;
			sourceTree = "<group>";
		};
		40A12BD228CFA67200A0F8BD /* GitUsers */ = {
			isa = PBXGroup;
			children = (
				407C351928D06EF100442671 /* Followers */,
				407C351228D0618900442671 /* UserDetail */,
				407C350928D053F800442671 /* TableViewCell */,
				40A12C0128CFB11B00A0F8BD /* SearchUser */,
				40A12C0028CFAE6F00A0F8BD /* Helpers */,
				40A12BEA28CFAAAB00A0F8BD /* Networking */,
				40A12BD328CFA67200A0F8BD /* AppDelegate.swift */,
				40A12BD528CFA67200A0F8BD /* SceneDelegate.swift */,
				40A12BD928CFA67300A0F8BD /* Main.storyboard */,
				40A12BDC28CFA67500A0F8BD /* Assets.xcassets */,
				40A12BDE28CFA67500A0F8BD /* LaunchScreen.storyboard */,
				40A12BE128CFA67500A0F8BD /* Info.plist */,
			);
			path = GitUsers;
			sourceTree = "<group>";
		};
		40A12BEA28CFAAAB00A0F8BD /* Networking */ = {
			isa = PBXGroup;
			children = (
				40A12BFA28CFAB3400A0F8BD /* AlertMessage.swift */,
				40A12BFB28CFAB3400A0F8BD /* NetworkError.swift */,
				40A12BEB28CFAAAB00A0F8BD /* AlamofireUtils */,
				40A12BF028CFAAAB00A0F8BD /* Endpoints */,
				40A12BF228CFAAAB00A0F8BD /* ApiManager */,
			);
			path = Networking;
			sourceTree = "<group>";
		};
		40A12BEB28CFAAAB00A0F8BD /* AlamofireUtils */ = {
			isa = PBXGroup;
			children = (
				40A12BEC28CFAAAB00A0F8BD /* Logger.swift */,
				40A12BED28CFAAAB00A0F8BD /* ParameterEncoding.swift */,
				40A12BEE28CFAAAB00A0F8BD /* Interceptor.swift */,
				40A12BEF28CFAAAB00A0F8BD /* RequestItems.swift */,
			);
			path = AlamofireUtils;
			sourceTree = "<group>";
		};
		40A12BF028CFAAAB00A0F8BD /* Endpoints */ = {
			isa = PBXGroup;
			children = (
				40A12BF128CFAAAB00A0F8BD /* EndPointType.swift */,
			);
			path = Endpoints;
			sourceTree = "<group>";
		};
		40A12BF228CFAAAB00A0F8BD /* ApiManager */ = {
			isa = PBXGroup;
			children = (
				40A12BF328CFAAAB00A0F8BD /* ApiManager.swift */,
			);
			path = ApiManager;
			sourceTree = "<group>";
		};
		40A12C0028CFAE6F00A0F8BD /* Helpers */ = {
			isa = PBXGroup;
			children = (
				407C350728D0536E00442671 /* Debouncer.swift */,
				40A12BFE28CFAB5C00A0F8BD /* Constants.swift */,
				40A12C0828CFBC4A00A0F8BD /* Notifier.swift */,
				407C350E28D0550100442671 /* Extension.swift */,
			);
			path = Helpers;
			sourceTree = "<group>";
		};
		40A12C0128CFB11B00A0F8BD /* SearchUser */ = {
			isa = PBXGroup;
			children = (
				40A12C0228CFB12B00A0F8BD /* UserModel.swift */,
				40A12C0428CFB14A00A0F8BD /* SearchUserViewController.swift */,
				40A12C0628CFB15400A0F8BD /* SearchUserViewModel.swift */,
			);
			path = SearchUser;
			sourceTree = "<group>";
		};
		76D58B0D5FF474286EB16779 /* Frameworks */ = {
			isa = PBXGroup;
			children = (
				D8255CF2C58E41B9B3373591 /* Pods_GitUsers.framework */,
			);
			name = Frameworks;
			sourceTree = "<group>";
		};
		9B7E5C17C835325BD5900546 /* Pods */ = {
			isa = PBXGroup;
			children = (
				5305F0546A5532E20F07BAF0 /* Pods-GitUsers.debug.xcconfig */,
				7C0D470569236024484B2392 /* Pods-GitUsers.release.xcconfig */,
			);
			path = Pods;
			sourceTree = "<group>";
		};
/* End PBXGroup section */

/* Begin PBXNativeTarget section */
		40A12BCF28CFA67200A0F8BD /* GitUsers */ = {
			isa = PBXNativeTarget;
			buildConfigurationList = 40A12BE428CFA67500A0F8BD /* Build configuration list for PBXNativeTarget "GitUsers" */;
			buildPhases = (
				76C5F7FAFC63303FCAAF97D9 /* [CP] Check Pods Manifest.lock */,
				40A12BCC28CFA67200A0F8BD /* Sources */,
				40A12BCD28CFA67200A0F8BD /* Frameworks */,
				40A12BCE28CFA67200A0F8BD /* Resources */,
				940524E96097D047D83867D3 /* [CP] Embed Pods Frameworks */,
			);
			buildRules = (
			);
			dependencies = (
			);
			name = GitUsers;
			productName = GitUsers;
			productReference = 40A12BD028CFA67200A0F8BD /* GitUsers.app */;
			productType = "com.apple.product-type.application";
		};
/* End PBXNativeTarget section */

/* Begin PBXProject section */
		40A12BC828CFA67200A0F8BD /* Project object */ = {
			isa = PBXProject;
			attributes = {
				BuildIndependentTargetsInParallel = 1;
				LastSwiftUpdateCheck = 1340;
				LastUpgradeCheck = 1340;
				TargetAttributes = {
					40A12BCF28CFA67200A0F8BD = {
						CreatedOnToolsVersion = 13.4.1;
					};
				};
			};
			buildConfigurationList = 40A12BCB28CFA67200A0F8BD /* Build configuration list for PBXProject "GitUsers" */;
			compatibilityVersion = "Xcode 13.0";
			developmentRegion = en;
			hasScannedForEncodings = 0;
			knownRegions = (
				en,
				Base,
			);
			mainGroup = 40A12BC728CFA67200A0F8BD;
			productRefGroup = 40A12BD128CFA67200A0F8BD /* Products */;
			projectDirPath = "";
			projectRoot = "";
			targets = (
				40A12BCF28CFA67200A0F8BD /* GitUsers */,
			);
		};
/* End PBXProject section */

/* Begin PBXResourcesBuildPhase section */
		40A12BCE28CFA67200A0F8BD /* Resources */ = {
			isa = PBXResourcesBuildPhase;
			buildActionMask = 2147483647;
			files = (
				407C351128D0558D00442671 /* UserListCell.xib in Resources */,
				40A12BE028CFA67500A0F8BD /* LaunchScreen.storyboard in Resources */,
				40A12BDD28CFA67500A0F8BD /* Assets.xcassets in Resources */,
				40A12BDB28CFA67300A0F8BD /* Main.storyboard in Resources */,
			);
			runOnlyForDeploymentPostprocessing = 0;
		};
/* End PBXResourcesBuildPhase section */

/* Begin PBXShellScriptBuildPhase section */
		76C5F7FAFC63303FCAAF97D9 /* [CP] Check Pods Manifest.lock */ = {
			isa = PBXShellScriptBuildPhase;
			buildActionMask = 2147483647;
			files = (
			);
			inputFileListPaths = (
			);
			inputPaths = (
				"${PODS_PODFILE_DIR_PATH}/Podfile.lock",
				"${PODS_ROOT}/Manifest.lock",
			);
			name = "[CP] Check Pods Manifest.lock";
			outputFileListPaths = (
			);
			outputPaths = (
				"$(DERIVED_FILE_DIR)/Pods-GitUsers-checkManifestLockResult.txt",
			);
			runOnlyForDeploymentPostprocessing = 0;
			shellPath = /bin/sh;
			shellScript = "diff \"${PODS_PODFILE_DIR_PATH}/Podfile.lock\" \"${PODS_ROOT}/Manifest.lock\" > /dev/null\nif [ $? != 0 ] ; then\n    # print error to STDERR\n    echo \"error: The sandbox is not in sync with the Podfile.lock. Run 'pod install' or update your CocoaPods installation.\" >&2\n    exit 1\nfi\n# This output is used by Xcode 'outputs' to avoid re-running this script phase.\necho \"SUCCESS\" > \"${SCRIPT_OUTPUT_FILE_0}\"\n";
			showEnvVarsInLog = 0;
		};
		940524E96097D047D83867D3 /* [CP] Embed Pods Frameworks */ = {
			isa = PBXShellScriptBuildPhase;
			buildActionMask = 2147483647;
			files = (
			);
			inputFileListPaths = (
				"${PODS_ROOT}/Target Support Files/Pods-GitUsers/Pods-GitUsers-frameworks-${CONFIGURATION}-input-files.xcfilelist",
			);
			name = "[CP] Embed Pods Frameworks";
			outputFileListPaths = (
				"${PODS_ROOT}/Target Support Files/Pods-GitUsers/Pods-GitUsers-frameworks-${CONFIGURATION}-output-files.xcfilelist",
			);
			runOnlyForDeploymentPostprocessing = 0;
			shellPath = /bin/sh;
			shellScript = "\"${PODS_ROOT}/Target Support Files/Pods-GitUsers/Pods-GitUsers-frameworks.sh\"\n";
			showEnvVarsInLog = 0;
		};
/* End PBXShellScriptBuildPhase section */

/* Begin PBXSourcesBuildPhase section */
		40A12BCC28CFA67200A0F8BD /* Sources */ = {
			isa = PBXSourcesBuildPhase;
			buildActionMask = 2147483647;
			files = (
				407C350C28D0541400442671 /* UserListCell.swift in Sources */,
				40A12BF828CFAAAB00A0F8BD /* EndPointType.swift in Sources */,
				407C351628D061B400442671 /* UserDetailViewModel.swift in Sources */,
				40A12BF928CFAAAB00A0F8BD /* ApiManager.swift in Sources */,
				407C351428D061A300442671 /* UserDetailModel.swift in Sources */,
				40A12BF628CFAAAB00A0F8BD /* Interceptor.swift in Sources */,
				40A12BD428CFA67200A0F8BD /* AppDelegate.swift in Sources */,
				40A12C0928CFBC4A00A0F8BD /* Notifier.swift in Sources */,
				40A12BF528CFAAAB00A0F8BD /* ParameterEncoding.swift in Sources */,
				40A12BFC28CFAB3400A0F8BD /* AlertMessage.swift in Sources */,
				40A12BD628CFA67200A0F8BD /* SceneDelegate.swift in Sources */,
				40A12BF728CFAAAB00A0F8BD /* RequestItems.swift in Sources */,
				40A12BFD28CFAB3400A0F8BD /* NetworkError.swift in Sources */,
				40A12C0728CFB15400A0F8BD /* SearchUserViewModel.swift in Sources */,
				407C351D28D06F1A00442671 /* FollowerViewController.swift in Sources */,
				407C351B28D06F0800442671 /* FollowerViewModel.swift in Sources */,
				407C351828D061C300442671 /* UserDetailViewController.swift in Sources */,
				40A12C0528CFB14A00A0F8BD /* SearchUserViewController.swift in Sources */,
				407C350F28D0550100442671 /* Extension.swift in Sources */,
				40A12C0328CFB12B00A0F8BD /* UserModel.swift in Sources */,
				407C350828D0536E00442671 /* Debouncer.swift in Sources */,
				40A12BF428CFAAAB00A0F8BD /* Logger.swift in Sources */,
				40A12BFF28CFAB5C00A0F8BD /* Constants.swift in Sources */,
			);
			runOnlyForDeploymentPostprocessing = 0;
		};
/* End PBXSourcesBuildPhase section */

/* Begin PBXVariantGroup section */
		40A12BD928CFA67300A0F8BD /* Main.storyboard */ = {
			isa = PBXVariantGroup;
			children = (
				40A12BDA28CFA67300A0F8BD /* Base */,
			);
			name = Main.storyboard;
			sourceTree = "<group>";
		};
		40A12BDE28CFA67500A0F8BD /* LaunchScreen.storyboard */ = {
			isa = PBXVariantGroup;
			children = (
				40A12BDF28CFA67500A0F8BD /* Base */,
			);
			name = LaunchScreen.storyboard;
			sourceTree = "<group>";
		};
/* End PBXVariantGroup section */

/* Begin XCBuildConfiguration section */
		40A12BE228CFA67500A0F8BD /* Debug */ = {
			isa = XCBuildConfiguration;
			buildSettings = {
				ALWAYS_SEARCH_USER_PATHS = NO;
				CLANG_ANALYZER_NONNULL = YES;
				CLANG_ANALYZER_NUMBER_OBJECT_CONVERSION = YES_AGGRESSIVE;
				CLANG_CXX_LANGUAGE_STANDARD = "gnu++17";
				CLANG_ENABLE_MODULES = YES;
				CLANG_ENABLE_OBJC_ARC = YES;
				CLANG_ENABLE_OBJC_WEAK = YES;
				CLANG_WARN_BLOCK_CAPTURE_AUTORELEASING = YES;
				CLANG_WARN_BOOL_CONVERSION = YES;
				CLANG_WARN_COMMA = YES;
				CLANG_WARN_CONSTANT_CONVERSION = YES;
				CLANG_WARN_DEPRECATED_OBJC_IMPLEMENTATIONS = YES;
				CLANG_WARN_DIRECT_OBJC_ISA_USAGE = YES_ERROR;
				CLANG_WARN_DOCUMENTATION_COMMENTS = YES;
				CLANG_WARN_EMPTY_BODY = YES;
				CLANG_WARN_ENUM_CONVERSION = YES;
				CLANG_WARN_INFINITE_RECURSION = YES;
				CLANG_WARN_INT_CONVERSION = YES;
				CLANG_WARN_NON_LITERAL_NULL_CONVERSION = YES;
				CLANG_WARN_OBJC_IMPLICIT_RETAIN_SELF = YES;
				CLANG_WARN_OBJC_LITERAL_CONVERSION = YES;
				CLANG_WARN_OBJC_ROOT_CLASS = YES_ERROR;
				CLANG_WARN_QUOTED_INCLUDE_IN_FRAMEWORK_HEADER = YES;
				CLANG_WARN_RANGE_LOOP_ANALYSIS = YES;
				CLANG_WARN_STRICT_PROTOTYPES = YES;
				CLANG_WARN_SUSPICIOUS_MOVE = YES;
				CLANG_WARN_UNGUARDED_AVAILABILITY = YES_AGGRESSIVE;
				CLANG_WARN_UNREACHABLE_CODE = YES;
				CLANG_WARN__DUPLICATE_METHOD_MATCH = YES;
				COPY_PHASE_STRIP = NO;
				DEBUG_INFORMATION_FORMAT = dwarf;
				ENABLE_STRICT_OBJC_MSGSEND = YES;
				ENABLE_TESTABILITY = YES;
				GCC_C_LANGUAGE_STANDARD = gnu11;
				GCC_DYNAMIC_NO_PIC = NO;
				GCC_NO_COMMON_BLOCKS = YES;
				GCC_OPTIMIZATION_LEVEL = 0;
				GCC_PREPROCESSOR_DEFINITIONS = (
					"DEBUG=1",
					"$(inherited)",
				);
				GCC_WARN_64_TO_32_BIT_CONVERSION = YES;
				GCC_WARN_ABOUT_RETURN_TYPE = YES_ERROR;
				GCC_WARN_UNDECLARED_SELECTOR = YES;
				GCC_WARN_UNINITIALIZED_AUTOS = YES_AGGRESSIVE;
				GCC_WARN_UNUSED_FUNCTION = YES;
				GCC_WARN_UNUSED_VARIABLE = YES;
				IPHONEOS_DEPLOYMENT_TARGET = 15.5;
				MTL_ENABLE_DEBUG_INFO = INCLUDE_SOURCE;
				MTL_FAST_MATH = YES;
				ONLY_ACTIVE_ARCH = YES;
				SDKROOT = iphoneos;
				SWIFT_ACTIVE_COMPILATION_CONDITIONS = DEBUG;
				SWIFT_OPTIMIZATION_LEVEL = "-Onone";
			};
			name = Debug;
		};
		40A12BE328CFA67500A0F8BD /* Release */ = {
			isa = XCBuildConfiguration;
			buildSettings = {
				ALWAYS_SEARCH_USER_PATHS = NO;
				CLANG_ANALYZER_NONNULL = YES;
				CLANG_ANALYZER_NUMBER_OBJECT_CONVERSION = YES_AGGRESSIVE;
				CLANG_CXX_LANGUAGE_STANDARD = "gnu++17";
				CLANG_ENABLE_MODULES = YES;
				CLANG_ENABLE_OBJC_ARC = YES;
				CLANG_ENABLE_OBJC_WEAK = YES;
				CLANG_WARN_BLOCK_CAPTURE_AUTORELEASING = YES;
				CLANG_WARN_BOOL_CONVERSION = YES;
				CLANG_WARN_COMMA = YES;
				CLANG_WARN_CONSTANT_CONVERSION = YES;
				CLANG_WARN_DEPRECATED_OBJC_IMPLEMENTATIONS = YES;
				CLANG_WARN_DIRECT_OBJC_ISA_USAGE = YES_ERROR;
				CLANG_WARN_DOCUMENTATION_COMMENTS = YES;
				CLANG_WARN_EMPTY_BODY = YES;
				CLANG_WARN_ENUM_CONVERSION = YES;
				CLANG_WARN_INFINITE_RECURSION = YES;
				CLANG_WARN_INT_CONVERSION = YES;
				CLANG_WARN_NON_LITERAL_NULL_CONVERSION = YES;
				CLANG_WARN_OBJC_IMPLICIT_RETAIN_SELF = YES;
				CLANG_WARN_OBJC_LITERAL_CONVERSION = YES;
				CLANG_WARN_OBJC_ROOT_CLASS = YES_ERROR;
				CLANG_WARN_QUOTED_INCLUDE_IN_FRAMEWORK_HEADER = YES;
				CLANG_WARN_RANGE_LOOP_ANALYSIS = YES;
				CLANG_WARN_STRICT_PROTOTYPES = YES;
				CLANG_WARN_SUSPICIOUS_MOVE = YES;
				CLANG_WARN_UNGUARDED_AVAILABILITY = YES_AGGRESSIVE;
				CLANG_WARN_UNREACHABLE_CODE = YES;
				CLANG_WARN__DUPLICATE_METHOD_MATCH = YES;
				COPY_PHASE_STRIP = NO;
				DEBUG_INFORMATION_FORMAT = "dwarf-with-dsym";
				ENABLE_NS_ASSERTIONS = NO;
				ENABLE_STRICT_OBJC_MSGSEND = YES;
				GCC_C_LANGUAGE_STANDARD = gnu11;
				GCC_NO_COMMON_BLOCKS = YES;
				GCC_WARN_64_TO_32_BIT_CONVERSION = YES;
				GCC_WARN_ABOUT_RETURN_TYPE = YES_ERROR;
				GCC_WARN_UNDECLARED_SELECTOR = YES;
				GCC_WARN_UNINITIALIZED_AUTOS = YES_AGGRESSIVE;
				GCC_WARN_UNUSED_FUNCTION = YES;
				GCC_WARN_UNUSED_VARIABLE = YES;
				IPHONEOS_DEPLOYMENT_TARGET = 15.5;
				MTL_ENABLE_DEBUG_INFO = NO;
				MTL_FAST_MATH = YES;
				SDKROOT = iphoneos;
				SWIFT_COMPILATION_MODE = wholemodule;
				SWIFT_OPTIMIZATION_LEVEL = "-O";
				VALIDATE_PRODUCT = YES;
			};
			name = Release;
		};
		40A12BE528CFA67500A0F8BD /* Debug */ = {
			isa = XCBuildConfiguration;
			baseConfigurationReference = 5305F0546A5532E20F07BAF0 /* Pods-GitUsers.debug.xcconfig */;
			buildSettings = {
				ASSETCATALOG_COMPILER_APPICON_NAME = AppIcon;
				ASSETCATALOG_COMPILER_GLOBAL_ACCENT_COLOR_NAME = AccentColor;
				CODE_SIGN_STYLE = Automatic;
				CURRENT_PROJECT_VERSION = 1;
				GENERATE_INFOPLIST_FILE = YES;
				INFOPLIST_FILE = GitUsers/Info.plist;
				INFOPLIST_KEY_UIApplicationSupportsIndirectInputEvents = YES;
				INFOPLIST_KEY_UILaunchStoryboardName = LaunchScreen;
				INFOPLIST_KEY_UIMainStoryboardFile = Main;
				INFOPLIST_KEY_UISupportedInterfaceOrientations_iPad = "UIInterfaceOrientationPortrait UIInterfaceOrientationPortraitUpsideDown UIInterfaceOrientationLandscapeLeft UIInterfaceOrientationLandscapeRight";
				INFOPLIST_KEY_UISupportedInterfaceOrientations_iPhone = "UIInterfaceOrientationPortrait UIInterfaceOrientationLandscapeLeft UIInterfaceOrientationLandscapeRight";
				LD_RUNPATH_SEARCH_PATHS = (
					"$(inherited)",
					"@executable_path/Frameworks",
				);
				MARKETING_VERSION = 1.0;
				PRODUCT_BUNDLE_IDENTIFIER = Aklesh.GitUsers;
				PRODUCT_NAME = "$(TARGET_NAME)";
				SWIFT_EMIT_LOC_STRINGS = YES;
				SWIFT_VERSION = 5.0;
				TARGETED_DEVICE_FAMILY = "1,2";
			};
			name = Debug;
		};
		40A12BE628CFA67500A0F8BD /* Release */ = {
			isa = XCBuildConfiguration;
			baseConfigurationReference = 7C0D470569236024484B2392 /* Pods-GitUsers.release.xcconfig */;
			buildSettings = {
				ASSETCATALOG_COMPILER_APPICON_NAME = AppIcon;
				ASSETCATALOG_COMPILER_GLOBAL_ACCENT_COLOR_NAME = AccentColor;
				CODE_SIGN_STYLE = Automatic;
				CURRENT_PROJECT_VERSION = 1;
				GENERATE_INFOPLIST_FILE = YES;
				INFOPLIST_FILE = GitUsers/Info.plist;
				INFOPLIST_KEY_UIApplicationSupportsIndirectInputEvents = YES;
				INFOPLIST_KEY_UILaunchStoryboardName = LaunchScreen;
				INFOPLIST_KEY_UIMainStoryboardFile = Main;
				INFOPLIST_KEY_UISupportedInterfaceOrientations_iPad = "UIInterfaceOrientationPortrait UIInterfaceOrientationPortraitUpsideDown UIInterfaceOrientationLandscapeLeft UIInterfaceOrientationLandscapeRight";
				INFOPLIST_KEY_UISupportedInterfaceOrientations_iPhone = "UIInterfaceOrientationPortrait UIInterfaceOrientationLandscapeLeft UIInterfaceOrientationLandscapeRight";
				LD_RUNPATH_SEARCH_PATHS = (
					"$(inherited)",
					"@executable_path/Frameworks",
				);
				MARKETING_VERSION = 1.0;
				PRODUCT_BUNDLE_IDENTIFIER = Aklesh.GitUsers;
				PRODUCT_NAME = "$(TARGET_NAME)";
				SWIFT_EMIT_LOC_STRINGS = YES;
				SWIFT_VERSION = 5.0;
				TARGETED_DEVICE_FAMILY = "1,2";
			};
			name = Release;
		};
/* End XCBuildConfiguration section */

/* Begin XCConfigurationList section */
		40A12BCB28CFA67200A0F8BD /* Build configuration list for PBXProject "GitUsers" */ = {
			isa = XCConfigurationList;
			buildConfigurations = (
				40A12BE228CFA67500A0F8BD /* Debug */,
				40A12BE328CFA67500A0F8BD /* Release */,
			);
			defaultConfigurationIsVisible = 0;
			defaultConfigurationName = Release;
		};
		40A12BE428CFA67500A0F8BD /* Build configuration list for PBXNativeTarget "GitUsers" */ = {
			isa = XCConfigurationList;
			buildConfigurations = (
				40A12BE528CFA67500A0F8BD /* Debug */,
				40A12BE628CFA67500A0F8BD /* Release */,
			);
			defaultConfigurationIsVisible = 0;
			defaultConfigurationName = Release;
		};
/* End XCConfigurationList section */
	};
	rootObject = 40A12BC828CFA67200A0F8BD /* Project object */;
}
